
Microsoft Visual Studio Solution File, Format Version 12.00
# Visual Studio Version 17
VisualStudioVersion = 17.3.32901.215
MinimumVisualStudioVersion = 10.0.40219.1
Project("{2150E333-8FDC-42A3-9474-1A3956D46DE8}") = "src", "src", "{0E1A4CA0-FED4-46C2-B9BF-F6D2C0F7B415}"
EndProject
Project("{2150E333-8FDC-42A3-9474-1A3956D46DE8}") = "Api", "Api", "{369F06C1-EF52-48C9-A5FB-8E46E45F882A}"
EndProject
Project("{2150E333-8FDC-42A3-9474-1A3956D46DE8}") = "Core", "Core", "{18EFFDCD-2A4C-47C1-8CE8-77CAE5C0341D}"
EndProject
Project("{2150E333-8FDC-42A3-9474-1A3956D46DE8}") = "Infrastructure", "Infrastructure", "{1B56CD42-04FF-4A17-9ABD-8B82395DAB5C}"
EndProject
Project("{2150E333-8FDC-42A3-9474-1A3956D46DE8}") = "WebApi", "WebApi", "{0049539B-B611-41CA-9990-B09B2D63CF7A}"
EndProject
Project("{2150E333-8FDC-42A3-9474-1A3956D46DE8}") = "Clients", "Clients", "{FB6F3012-5E17-4059-86FC-E0AD45E91834}"
EndProject
Project("{2150E333-8FDC-42A3-9474-1A3956D46DE8}") = "BlazorWeb", "BlazorWeb", "{CC6656D7-1FE7-4F68-A78B-F393F46CF191}"
EndProject
Project("{2150E333-8FDC-42A3-9474-1A3956D46DE8}") = "Common", "Common", "{6EC50BBC-0D37-4F53-911D-FB9C3676C777}"
EndProject
Project("{2150E333-8FDC-42A3-9474-1A3956D46DE8}") = "Projections", "Projections", "{057DC774-1C81-4562-BD23-A2A1EA1A0050}"
EndProject
Project("{FAE04EC0-301F-11D3-BF4B-00C04F79EFBC}") = "BlazorSozluk.Api.Application", "src\Api\Core\BlazorSozluk.Api.Application\BlazorSozluk.Api.Application.csproj", "{9B110C36-F6EB-48FC-84E9-74406FE702CC}"
EndProject
Project("{FAE04EC0-301F-11D3-BF4B-00C04F79EFBC}") = "BlazorSozluk.Api.Domain", "src\Api\Core\BlazorSozluk.Api.Domain\BlazorSozluk.Api.Domain.csproj", "{618D5F4A-86B2-42CE-9A3D-82F43C1025F7}"
EndProject
Project("{FAE04EC0-301F-11D3-BF4B-00C04F79EFBC}") = "BlazorSozluk.Infrastructure.Persistance", "src\Api\Infrastructure\BlazorSozluk.Infrastructure.Persistance\BlazorSozluk.Infrastructure.Persistance.csproj", "{30B85CAF-C026-4C27-8B9F-B2E2241D03D0}"
EndProject
Project("{FAE04EC0-301F-11D3-BF4B-00C04F79EFBC}") = "BlazorSozluk.Api.WebApi", "src\Api\WebApi\BlazorSozluk.Api.WebApi\BlazorSozluk.Api.WebApi.csproj", "{B6CB30B2-B717-4023-8EE1-D0253200CA3A}"
EndProject
Project("{FAE04EC0-301F-11D3-BF4B-00C04F79EFBC}") = "BlazorSozluk.WebApp", "src\Clients\BlazorWeb\BlazorSozluk.WebApp\BlazorSozluk.WebApp.csproj", "{1182781C-9682-42A2-8B1B-24AE1C32C51F}"
EndProject
Project("{FAE04EC0-301F-11D3-BF4B-00C04F79EFBC}") = "BlazorSozluk.Common", "src\Common\BlazorSozluk.Common\BlazorSozluk.Common.csproj", "{0BCA8DEE-BA9D-4F1A-8321-A979CACD1B0E}"
EndProject
Project("{FAE04EC0-301F-11D3-BF4B-00C04F79EFBC}") = "BlazorSozluk.Projections.FavoriteService", "src\Projections\BlazorSozluk.Projections.FavoriteService\BlazorSozluk.Projections.FavoriteService.csproj", "{723967D9-DB04-4868-A063-3449ADD09214}"
EndProject
Project("{FAE04EC0-301F-11D3-BF4B-00C04F79EFBC}") = "BlazorSozluk.Projections.UserService", "src\Projections\BlazorSozluk.Projections.UserService\BlazorSozluk.Projections.UserService.csproj", "{2EA6C5AC-BB12-4EF3-970D-A009A365D2F2}"
EndProject
Project("{FAE04EC0-301F-11D3-BF4B-00C04F79EFBC}") = "BlazorSozluk.Projections.VoteService", "src\Projections\BlazorSozluk.Projections.VoteService\BlazorSozluk.Projections.VoteService.csproj", "{78F4CFC5-93B0-4065-8497-75F30CF148F7}"
EndProject
Global
	GlobalSection(SolutionConfigurationPlatforms) = preSolution
		Debug|Any CPU = Debug|Any CPU
		Release|Any CPU = Release|Any CPU
	EndGlobalSection
	GlobalSection(ProjectConfigurationPlatforms) = postSolution
		{9B110C36-F6EB-48FC-84E9-74406FE702CC}.Debug|Any CPU.ActiveCfg = Debug|Any CPU
		{9B110C36-F6EB-48FC-84E9-74406FE702CC}.Debug|Any CPU.Build.0 = Debug|Any CPU
		{9B110C36-F6EB-48FC-84E9-74406FE702CC}.Release|Any CPU.ActiveCfg = Release|Any CPU
		{9B110C36-F6EB-48FC-84E9-74406FE702CC}.Release|Any CPU.Build.0 = Release|Any CPU
		{618D5F4A-86B2-42CE-9A3D-82F43C1025F7}.Debug|Any CPU.ActiveCfg = Debug|Any CPU
		{618D5F4A-86B2-42CE-9A3D-82F43C1025F7}.Debug|Any CPU.Build.0 = Debug|Any CPU
		{618D5F4A-86B2-42CE-9A3D-82F43C1025F7}.Release|Any CPU.ActiveCfg = Release|Any CPU
		{618D5F4A-86B2-42CE-9A3D-82F43C1025F7}.Release|Any CPU.Build.0 = Release|Any CPU
		{30B85CAF-C026-4C27-8B9F-B2E2241D03D0}.Debug|Any CPU.ActiveCfg = Debug|Any CPU
		{30B85CAF-C026-4C27-8B9F-B2E2241D03D0}.Debug|Any CPU.Build.0 = Debug|Any CPU
		{30B85CAF-C026-4C27-8B9F-B2E2241D03D0}.Release|Any CPU.ActiveCfg = Release|Any CPU
		{30B85CAF-C026-4C27-8B9F-B2E2241D03D0}.Release|Any CPU.Build.0 = Release|Any CPU
		{B6CB30B2-B717-4023-8EE1-D0253200CA3A}.Debug|Any CPU.ActiveCfg = Debug|Any CPU
		{B6CB30B2-B717-4023-8EE1-D0253200CA3A}.Debug|Any CPU.Build.0 = Debug|Any CPU
		{B6CB30B2-B717-4023-8EE1-D0253200CA3A}.Release|Any CPU.ActiveCfg = Release|Any CPU
		{B6CB30B2-B717-4023-8EE1-D0253200CA3A}.Release|Any CPU.Build.0 = Release|Any CPU
		{1182781C-9682-42A2-8B1B-24AE1C32C51F}.Debug|Any CPU.ActiveCfg = Debug|Any CPU
		{1182781C-9682-42A2-8B1B-24AE1C32C51F}.Debug|Any CPU.Build.0 = Debug|Any CPU
		{1182781C-9682-42A2-8B1B-24AE1C32C51F}.Release|Any CPU.ActiveCfg = Release|Any CPU
		{1182781C-9682-42A2-8B1B-24AE1C32C51F}.Release|Any CPU.Build.0 = Release|Any CPU
		{0BCA8DEE-BA9D-4F1A-8321-A979CACD1B0E}.Debug|Any CPU.ActiveCfg = Debug|Any CPU
		{0BCA8DEE-BA9D-4F1A-8321-A979CACD1B0E}.Debug|Any CPU.Build.0 = Debug|Any CPU
		{0BCA8DEE-BA9D-4F1A-8321-A979CACD1B0E}.Release|Any CPU.ActiveCfg = Release|Any CPU
		{0BCA8DEE-BA9D-4F1A-8321-A979CACD1B0E}.Release|Any CPU.Build.0 = Release|Any CPU
		{723967D9-DB04-4868-A063-3449ADD09214}.Debug|Any CPU.ActiveCfg = Debug|Any CPU
		{723967D9-DB04-4868-A063-3449ADD09214}.Debug|Any CPU.Build.0 = Debug|Any CPU
		{723967D9-DB04-4868-A063-3449ADD09214}.Release|Any CPU.ActiveCfg = Release|Any CPU
		{723967D9-DB04-4868-A063-3449ADD09214}.Release|Any CPU.Build.0 = Release|Any CPU
		{2EA6C5AC-BB12-4EF3-970D-A009A365D2F2}.Debug|Any CPU.ActiveCfg = Debug|Any CPU
		{2EA6C5AC-BB12-4EF3-970D-A009A365D2F2}.Debug|Any CPU.Build.0 = Debug|Any CPU
		{2EA6C5AC-BB12-4EF3-970D-A009A365D2F2}.Release|Any CPU.ActiveCfg = Release|Any CPU
		{2EA6C5AC-BB12-4EF3-970D-A009A365D2F2}.Release|Any CPU.Build.0 = Release|Any CPU
		{78F4CFC5-93B0-4065-8497-75F30CF148F7}.Debug|Any CPU.ActiveCfg = Debug|Any CPU
		{78F4CFC5-93B0-4065-8497-75F30CF148F7}.Debug|Any CPU.Build.0 = Debug|Any CPU
		{78F4CFC5-93B0-4065-8497-75F30CF148F7}.Release|Any CPU.ActiveCfg = Release|Any CPU
		{78F4CFC5-93B0-4065-8497-75F30CF148F7}.Release|Any CPU.Build.0 = Release|Any CPU
	EndGlobalSection
	GlobalSection(SolutionProperties) = preSolution
		HideSolutionNode = FALSE
	EndGlobalSection
	GlobalSection(NestedProjects) = preSolution
		{369F06C1-EF52-48C9-A5FB-8E46E45F882A} = {0E1A4CA0-FED4-46C2-B9BF-F6D2C0F7B415}
		{18EFFDCD-2A4C-47C1-8CE8-77CAE5C0341D} = {369F06C1-EF52-48C9-A5FB-8E46E45F882A}
		{1B56CD42-04FF-4A17-9ABD-8B82395DAB5C} = {369F06C1-EF52-48C9-A5FB-8E46E45F882A}
		{0049539B-B611-41CA-9990-B09B2D63CF7A} = {369F06C1-EF52-48C9-A5FB-8E46E45F882A}
		{FB6F3012-5E17-4059-86FC-E0AD45E91834} = {0E1A4CA0-FED4-46C2-B9BF-F6D2C0F7B415}
		{CC6656D7-1FE7-4F68-A78B-F393F46CF191} = {FB6F3012-5E17-4059-86FC-E0AD45E91834}
		{6EC50BBC-0D37-4F53-911D-FB9C3676C777} = {0E1A4CA0-FED4-46C2-B9BF-F6D2C0F7B415}
		{057DC774-1C81-4562-BD23-A2A1EA1A0050} = {0E1A4CA0-FED4-46C2-B9BF-F6D2C0F7B415}
		{9B110C36-F6EB-48FC-84E9-74406FE702CC} = {18EFFDCD-2A4C-47C1-8CE8-77CAE5C0341D}
		{618D5F4A-86B2-42CE-9A3D-82F43C1025F7} = {18EFFDCD-2A4C-47C1-8CE8-77CAE5C0341D}
		{30B85CAF-C026-4C27-8B9F-B2E2241D03D0} = {1B56CD42-04FF-4A17-9ABD-8B82395DAB5C}
		{B6CB30B2-B717-4023-8EE1-D0253200CA3A} = {0049539B-B611-41CA-9990-B09B2D63CF7A}
		{1182781C-9682-42A2-8B1B-24AE1C32C51F} = {CC6656D7-1FE7-4F68-A78B-F393F46CF191}
		{0BCA8DEE-BA9D-4F1A-8321-A979CACD1B0E} = {6EC50BBC-0D37-4F53-911D-FB9C3676C777}
		{723967D9-DB04-4868-A063-3449ADD09214} = {057DC774-1C81-4562-BD23-A2A1EA1A0050}
		{2EA6C5AC-BB12-4EF3-970D-A009A365D2F2} = {057DC774-1C81-4562-BD23-A2A1EA1A0050}
		{78F4CFC5-93B0-4065-8497-75F30CF148F7} = {057DC774-1C81-4562-BD23-A2A1EA1A0050}
	EndGlobalSection
	GlobalSection(ExtensibilityGlobals) = postSolution
		SolutionGuid = {925D28F0-3C86-468D-8313-EFC09CB65A1D}
	EndGlobalSection
EndGlobal
